// !$*UTF8*$!
{
	archiveVersion = 1;
	classes = {
	};
	objectVersion = 77;
	objects = {

/* Begin PBXBuildFile section */
		21FDCD532E434ED9006B025D /* ChangeColorView.swift in Sources */ = {isa = PBXBuildFile; fileRef = 21FDCD522E434ED9006B025D /* ChangeColorView.swift */; };
/* End PBXBuildFile section */

/* Begin PBXContainerItemProxy section */
		21FDCCDF2E3E0DEA006B025D /* PBXContainerItemProxy */ = {
			isa = PBXContainerItemProxy;
			containerPortal = 21FDCCC02E3E0DE8006B025D /* Project object */;
			proxyType = 1;
			remoteGlobalIDString = 21FDCCC72E3E0DE8006B025D;
			remoteInfo = CraftIOSCodingChallenge;
		};
		21FDCCE92E3E0DEA006B025D /* PBXContainerItemProxy */ = {
			isa = PBXContainerItemProxy;
			containerPortal = 21FDCCC02E3E0DE8006B025D /* Project object */;
			proxyType = 1;
			remoteGlobalIDString = 21FDCCC72E3E0DE8006B025D;
			remoteInfo = CraftIOSCodingChallenge;
		};
/* End PBXContainerItemProxy section */

/* Begin PBXFileReference section */
		21FDCCC82E3E0DE8006B025D /* CraftIOSCodingChallenge.app */ = {isa = PBXFileReference; explicitFileType = wrapper.application; includeInIndex = 0; path = CraftIOSCodingChallenge.app; sourceTree = BUILT_PRODUCTS_DIR; };
		21FDCCDE2E3E0DEA006B025D /* CraftIOSCodingChallengeTests.xctest */ = {isa = PBXFileReference; explicitFileType = wrapper.cfbundle; includeInIndex = 0; path = CraftIOSCodingChallengeTests.xctest; sourceTree = BUILT_PRODUCTS_DIR; };
		21FDCCE82E3E0DEA006B025D /* CraftIOSCodingChallengeUITests.xctest */ = {isa = PBXFileReference; explicitFileType = wrapper.cfbundle; includeInIndex = 0; path = CraftIOSCodingChallengeUITests.xctest; sourceTree = BUILT_PRODUCTS_DIR; };
		21FDCD522E434ED9006B025D /* ChangeColorView.swift */ = {isa = PBXFileReference; lastKnownFileType = sourcecode.swift; name = ChangeColorView.swift; path = CraftIOSCodingChallenge/Views/ChangeColorView.swift; sourceTree = "<group>"; };
/* End PBXFileReference section */

/* Begin PBXFileSystemSynchronizedBuildFileExceptionSet section */
		21FDCCF02E3E0DEA006B025D /* Exceptions for "CraftIOSCodingChallenge" folder in "CraftIOSCodingChallenge" target */ = {
			isa = PBXFileSystemSynchronizedBuildFileExceptionSet;
			membershipExceptions = (
				Info.plist,
			);
			target = 21FDCCC72E3E0DE8006B025D /* CraftIOSCodingChallenge */;
		};
/* End PBXFileSystemSynchronizedBuildFileExceptionSet section */

/* Begin PBXFileSystemSynchronizedRootGroup section */
		21FDCCCA2E3E0DE8006B025D /* CraftIOSCodingChallenge */ = {
			isa = PBXFileSystemSynchronizedRootGroup;
			exceptions = (
				21FDCCF02E3E0DEA006B025D /* Exceptions for "CraftIOSCodingChallenge" folder in "CraftIOSCodingChallenge" target */,
			);
			path = CraftIOSCodingChallenge;
			sourceTree = "<group>";
		};
		21FDCCE12E3E0DEA006B025D /* CraftIOSCodingChallengeTests */ = {
			isa = PBXFileSystemSynchronizedRootGroup;
			path = CraftIOSCodingChallengeTests;
			sourceTree = "<group>";
		};
		21FDCCEB2E3E0DEA006B025D /* CraftIOSCodingChallengeUITests */ = {
			isa = PBXFileSystemSynchronizedRootGroup;
			path = CraftIOSCodingChallengeUITests;
			sourceTree = "<group>";
		};
/* End PBXFileSystemSynchronizedRootGroup section */

/* Begin PBXFrameworksBuildPhase section */
		21FDCCC52E3E0DE8006B025D /* Frameworks */ = {
			isa = PBXFrameworksBuildPhase;
			buildActionMask = 2147483647;
			files = (
			);
			runOnlyForDeploymentPostprocessing = 0;
		};
		21FDCCDB2E3E0DEA006B025D /* Frameworks */ = {
			isa = PBXFrameworksBuildPhase;
			buildActionMask = 2147483647;
			files = (
			);
			runOnlyForDeploymentPostprocessing = 0;
		};
		21FDCCE52E3E0DEA006B025D /* Frameworks */ = {
			isa = PBXFrameworksBuildPhase;
			buildActionMask = 2147483647;
			files = (
			);
			runOnlyForDeploymentPostprocessing = 0;
		};
/* End PBXFrameworksBuildPhase section */

/* Begin PBXGroup section */
		21FDCCBF2E3E0DE8006B025D = {
			isa = PBXGroup;
			children = (
				21FDCD522E434ED9006B025D /* ChangeColorView.swift */,
				21FDCCCA2E3E0DE8006B025D /* CraftIOSCodingChallenge */,
				21FDCCE12E3E0DEA006B025D /* CraftIOSCodingChallengeTests */,
				21FDCCEB2E3E0DEA006B025D /* CraftIOSCodingChallengeUITests */,
				21FDCCC92E3E0DE8006B025D /* Products */,
			);
			sourceTree = "<group>";
		};
		21FDCCC92E3E0DE8006B025D /* Products */ = {
			isa = PBXGroup;
			children = (
				21FDCCC82E3E0DE8006B025D /* CraftIOSCodingChallenge.app */,
				21FDCCDE2E3E0DEA006B025D /* CraftIOSCodingChallengeTests.xctest */,
				21FDCCE82E3E0DEA006B025D /* CraftIOSCodingChallengeUITests.xctest */,
			);
			name = Products;
			sourceTree = "<group>";
		};
/* End PBXGroup section */

/* Begin PBXNativeTarget section */
		21FDCCC72E3E0DE8006B025D /* CraftIOSCodingChallenge */ = {
			isa = PBXNativeTarget;
			buildConfigurationList = 21FDCCF12E3E0DEA006B025D /* Build configuration list for PBXNativeTarget "CraftIOSCodingChallenge" */;
			buildPhases = (
				21FDCCC42E3E0DE8006B025D /* Sources */,
				21FDCCC52E3E0DE8006B025D /* Frameworks */,
				21FDCCC62E3E0DE8006B025D /* Resources */,
			);
			buildRules = (
			);
			dependencies = (
			);
			fileSystemSynchronizedGroups = (
				21FDCCCA2E3E0DE8006B025D /* CraftIOSCodingChallenge */,
			);
			name = CraftIOSCodingChallenge;
			packageProductDependencies = (
			);
			productName = CraftIOSCodingChallenge;
			productReference = 21FDCCC82E3E0DE8006B025D /* CraftIOSCodingChallenge.app */;
			productType = "com.apple.product-type.application";
		};
		21FDCCDD2E3E0DEA006B025D /* CraftIOSCodingChallengeTests */ = {
			isa = PBXNativeTarget;
			buildConfigurationList = 21FDCCF62E3E0DEA006B025D /* Build configuration list for PBXNativeTarget "CraftIOSCodingChallengeTests" */;
			buildPhases = (
				21FDCCDA2E3E0DEA006B025D /* Sources */,
				21FDCCDB2E3E0DEA006B025D /* Frameworks */,
				21FDCCDC2E3E0DEA006B025D /* Resources */,
			);
			buildRules = (
			);
			dependencies = (
				21FDCCE02E3E0DEA006B025D /* PBXTargetDependency */,
			);
			fileSystemSynchronizedGroups = (
				21FDCCE12E3E0DEA006B025D /* CraftIOSCodingChallengeTests */,
			);
			name = CraftIOSCodingChallengeTests;
			packageProductDependencies = (
			);
			productName = CraftIOSCodingChallengeTests;
			productReference = 21FDCCDE2E3E0DEA006B025D /* CraftIOSCodingChallengeTests.xctest */;
			productType = "com.apple.product-type.bundle.unit-test";
		};
		21FDCCE72E3E0DEA006B025D /* CraftIOSCodingChallengeUITests */ = {
			isa = PBXNativeTarget;
			buildConfigurationList = 21FDCCF92E3E0DEA006B025D /* Build configuration list for PBXNativeTarget "CraftIOSCodingChallengeUITests" */;
			buildPhases = (
				21FDCCE42E3E0DEA006B025D /* Sources */,
				21FDCCE52E3E0DEA006B025D /* Frameworks */,
				21FDCCE62E3E0DEA006B025D /* Resources */,
			);
			buildRules = (
			);
			dependencies = (
				21FDCCEA2E3E0DEA006B025D /* PBXTargetDependency */,
			);
			fileSystemSynchronizedGroups = (
				21FDCCEB2E3E0DEA006B025D /* CraftIOSCodingChallengeUITests */,
			);
			name = CraftIOSCodingChallengeUITests;
			packageProductDependencies = (
			);
			productName = CraftIOSCodingChallengeUITests;
			productReference = 21FDCCE82E3E0DEA006B025D /* CraftIOSCodingChallengeUITests.xctest */;
			productType = "com.apple.product-type.bundle.ui-testing";
		};
/* End PBXNativeTarget section */

/* Begin PBXProject section */
		21FDCCC02E3E0DE8006B025D /* Project object */ = {
			isa = PBXProject;
			attributes = {
				BuildIndependentTargetsInParallel = 1;
				LastSwiftUpdateCheck = 1640;
				LastUpgradeCheck = 1640;
				TargetAttributes = {
					21FDCCC72E3E0DE8006B025D = {
						CreatedOnToolsVersion = 16.4;
					};
					21FDCCDD2E3E0DEA006B025D = {
						CreatedOnToolsVersion = 16.4;
						TestTargetID = 21FDCCC72E3E0DE8006B025D;
					};
					21FDCCE72E3E0DEA006B025D = {
						CreatedOnToolsVersion = 16.4;
						TestTargetID = 21FDCCC72E3E0DE8006B025D;
					};
				};
			};
			buildConfigurationList = 21FDCCC32E3E0DE8006B025D /* Build configuration list for PBXProject "CraftIOSCodingChallenge" */;
			developmentRegion = en;
			hasScannedForEncodings = 0;
			knownRegions = (
				en,
				Base,
			);
			mainGroup = 21FDCCBF2E3E0DE8006B025D;
			minimizedProjectReferenceProxies = 1;
			preferredProjectObjectVersion = 77;
			productRefGroup = 21FDCCC92E3E0DE8006B025D /* Products */;
			projectDirPath = "";
			projectRoot = "";
			targets = (
				21FDCCC72E3E0DE8006B025D /* CraftIOSCodingChallenge */,
				21FDCCDD2E3E0DEA006B025D /* CraftIOSCodingChallengeTests */,
				21FDCCE72E3E0DEA006B025D /* CraftIOSCodingChallengeUITests */,
			);
		};
/* End PBXProject section */

/* Begin PBXResourcesBuildPhase section */
		21FDCCC62E3E0DE8006B025D /* Resources */ = {
			isa = PBXResourcesBuildPhase;
			buildActionMask = 2147483647;
			files = (
			);
			runOnlyForDeploymentPostprocessing = 0;
		};
		21FDCCDC2E3E0DEA006B025D /* Resources */ = {
			isa = PBXResourcesBuildPhase;
			buildActionMask = 2147483647;
			files = (
			);
			runOnlyForDeploymentPostprocessing = 0;
		};
		21FDCCE62E3E0DEA006B025D /* Resources */ = {
			isa = PBXResourcesBuildPhase;
			buildActionMask = 2147483647;
			files = (
			);
			runOnlyForDeploymentPostprocessing = 0;
		};
/* End PBXResourcesBuildPhase section */

/* Begin PBXSourcesBuildPhase section */
		21FDCCC42E3E0DE8006B025D /* Sources */ = {
			isa = PBXSourcesBuildPhase;
			buildActionMask = 2147483647;
			files = (
				21FDCD532E434ED9006B025D /* ChangeColorView.swift in Sources */,
			);
			runOnlyForDeploymentPostprocessing = 0;
		};
		21FDCCDA2E3E0DEA006B025D /* Sources */ = {
			isa = PBXSourcesBuildPhase;
			buildActionMask = 2147483647;
			files = (
			);
			runOnlyForDeploymentPostprocessing = 0;
		};
		21FDCCE42E3E0DEA006B025D /* Sources */ = {
			isa = PBXSourcesBuildPhase;
			buildActionMask = 2147483647;
			files = (
			);
			runOnlyForDeploymentPostprocessing = 0;
		};
/* End PBXSourcesBuildPhase section */

/* Begin PBXTargetDependency section */
		21FDCCE02E3E0DEA006B025D /* PBXTargetDependency */ = {
			isa = PBXTargetDependency;
			target = 21FDCCC72E3E0DE8006B025D /* CraftIOSCodingChallenge */;
			targetProxy = 21FDCCDF2E3E0DEA006B025D /* PBXContainerItemProxy */;
		};
		21FDCCEA2E3E0DEA006B025D /* PBXTargetDependency */ = {
			isa = PBXTargetDependency;
			target = 21FDCCC72E3E0DE8006B025D /* CraftIOSCodingChallenge */;
			targetProxy = 21FDCCE92E3E0DEA006B025D /* PBXContainerItemProxy */;
		};
/* End PBXTargetDependency section */

/* Begin XCBuildConfiguration section */
		21FDCCF22E3E0DEA006B025D /* Debug */ = {
			isa = XCBuildConfiguration;
			buildSettings = {
				ASSETCATALOG_COMPILER_APPICON_NAME = AppIcon;
				ASSETCATALOG_COMPILER_GLOBAL_ACCENT_COLOR_NAME = AccentColor;
				CODE_SIGN_STYLE = Automatic;
				CURRENT_PROJECT_VERSION = 1;
				DEVELOPMENT_TEAM = F3G8YP79T4;
				GENERATE_INFOPLIST_FILE = YES;
				INFOPLIST_FILE = CraftIOSCodingChallenge/Info.plist;
				INFOPLIST_KEY_NSCameraUsageDescription = "The user needs this to be able to take thumbnail image";
				INFOPLIST_KEY_NSPhotoLibraryUsageDescription = "The user needs this to be able to pick thumbnail image";
				INFOPLIST_KEY_UIApplicationSupportsIndirectInputEvents = YES;
				INFOPLIST_KEY_UILaunchStoryboardName = LaunchScreen;
				INFOPLIST_KEY_UIMainStoryboardFile = Main;
				INFOPLIST_KEY_UISupportedInterfaceOrientations_iPad = "UIInterfaceOrientationPortrait UIInterfaceOrientationPortraitUpsideDown UIInterfaceOrientationLandscapeLeft UIInterfaceOrientationLandscapeRight";
				INFOPLIST_KEY_UISupportedInterfaceOrientations_iPhone = "UIInterfaceOrientationPortrait UIInterfaceOrientationLandscapeLeft UIInterfaceOrientationLandscapeRight";
				LD_RUNPATH_SEARCH_PATHS = (
					"$(inherited)",
					"@executable_path/Frameworks",
				);
				MARKETING_VERSION = 1.0;
				PRODUCT_BUNDLE_IDENTIFIER = com.obrettner.CraftIOSCodingChallenge;
				PRODUCT_NAME = "$(TARGET_NAME)";
				SWIFT_EMIT_LOC_STRINGS = YES;
				SWIFT_VERSION = 5.0;
				TARGETED_DEVICE_FAMILY = "1,2";
			};
			name = Debug;
		};
		21FDCCF32E3E0DEA006B025D /* Release */ = {
			isa = XCBuildConfiguration;
			buildSettings = {
				ASSETCATALOG_COMPILER_APPICON_NAME = AppIcon;
				ASSETCATALOG_COMPILER_GLOBAL_ACCENT_COLOR_NAME = AccentColor;
				CODE_SIGN_STYLE = Automatic;
				CURRENT_PROJECT_VERSION = 1;
				DEVELOPMENT_TEAM = F3G8YP79T4;
				GENERATE_INFOPLIST_FILE = YES;
				INFOPLIST_FILE = CraftIOSCodingChallenge/Info.plist;
				INFOPLIST_KEY_NSCameraUsageDescription = "The user needs this to be able to take thumbnail image";
				INFOPLIST_KEY_NSPhotoLibraryUsageDescription = "The user needs this to be able to pick thumbnail image";
				INFOPLIST_KEY_UIApplicationSupportsIndirectInputEvents = YES;
				INFOPLIST_KEY_UILaunchStoryboardName = LaunchScreen;
				INFOPLIST_KEY_UIMainStoryboardFile = Main;
				INFOPLIST_KEY_UISupportedInterfaceOrientations_iPad = "UIInterfaceOrientationPortrait UIInterfaceOrientationPortraitUpsideDown UIInterfaceOrientationLandscapeLeft UIInterfaceOrientationLandscapeRight";
				INFOPLIST_KEY_UISupportedInterfaceOrientations_iPhone = "UIInterfaceOrientationPortrait UIInterfaceOrientationLandscapeLeft UIInterfaceOrientationLandscapeRight";
				LD_RUNPATH_SEARCH_PATHS = (
					"$(inherited)",
					"@executable_path/Frameworks",
				);
				MARKETING_VERSION = 1.0;
				PRODUCT_BUNDLE_IDENTIFIER = com.obrettner.CraftIOSCodingChallenge;
				PRODUCT_NAME = "$(TARGET_NAME)";
				SWIFT_EMIT_LOC_STRINGS = YES;
				SWIFT_VERSION = 5.0;
				TARGETED_DEVICE_FAMILY = "1,2";
			};
			name = Release;
		};
		21FDCCF42E3E0DEA006B025D /* Debug */ = {
			isa = XCBuildConfiguration;
			buildSettings = {
				ALWAYS_SEARCH_USER_PATHS = NO;
				ASSETCATALOG_COMPILER_GENERATE_SWIFT_ASSET_SYMBOL_EXTENSIONS = YES;
				CLANG_ANALYZER_NONNULL = YES;
				CLANG_ANALYZER_NUMBER_OBJECT_CONVERSION = YES_AGGRESSIVE;
				CLANG_CXX_LANGUAGE_STANDARD = "gnu++20";
				CLANG_ENABLE_MODULES = YES;
				CLANG_ENABLE_OBJC_ARC = YES;
				CLANG_ENABLE_OBJC_WEAK = YES;
				CLANG_WARN_BLOCK_CAPTURE_AUTORELEASING = YES;
				CLANG_WARN_BOOL_CONVERSION = YES;
				CLANG_WARN_COMMA = YES;
				CLANG_WARN_CONSTANT_CONVERSION = YES;
				CLANG_WARN_DEPRECATED_OBJC_IMPLEMENTATIONS = YES;
				CLANG_WARN_DIRECT_OBJC_ISA_USAGE = YES_ERROR;
				CLANG_WARN_DOCUMENTATION_COMMENTS = YES;
				CLANG_WARN_EMPTY_BODY = YES;
				CLANG_WARN_ENUM_CONVERSION = YES;
				CLANG_WARN_INFINITE_RECURSION = YES;
				CLANG_WARN_INT_CONVERSION = YES;
				CLANG_WARN_NON_LITERAL_NULL_CONVERSION = YES;
				CLANG_WARN_OBJC_IMPLICIT_RETAIN_SELF = YES;
				CLANG_WARN_OBJC_LITERAL_CONVERSION = YES;
				CLANG_WARN_OBJC_ROOT_CLASS = YES_ERROR;
				CLANG_WARN_QUOTED_INCLUDE_IN_FRAMEWORK_HEADER = YES;
				CLANG_WARN_RANGE_LOOP_ANALYSIS = YES;
				CLANG_WARN_STRICT_PROTOTYPES = YES;
				CLANG_WARN_SUSPICIOUS_MOVE = YES;
				CLANG_WARN_UNGUARDED_AVAILABILITY = YES_AGGRESSIVE;
				CLANG_WARN_UNREACHABLE_CODE = YES;
				CLANG_WARN__DUPLICATE_METHOD_MATCH = YES;
				COPY_PHASE_STRIP = NO;
				DEBUG_INFORMATION_FORMAT = dwarf;
				DEVELOPMENT_TEAM = F3G8YP79T4;
				ENABLE_STRICT_OBJC_MSGSEND = YES;
				ENABLE_TESTABILITY = YES;
				ENABLE_USER_SCRIPT_SANDBOXING = YES;
				GCC_C_LANGUAGE_STANDARD = gnu17;
				GCC_DYNAMIC_NO_PIC = NO;
				GCC_NO_COMMON_BLOCKS = YES;
				GCC_OPTIMIZATION_LEVEL = 0;
				GCC_PREPROCESSOR_DEFINITIONS = (
					"DEBUG=1",
					"$(inherited)",
				);
				GCC_WARN_64_TO_32_BIT_CONVERSION = YES;
				GCC_WARN_ABOUT_RETURN_TYPE = YES_ERROR;
				GCC_WARN_UNDECLARED_SELECTOR = YES;
				GCC_WARN_UNINITIALIZED_AUTOS = YES_AGGRESSIVE;
				GCC_WARN_UNUSED_FUNCTION = YES;
				GCC_WARN_UNUSED_VARIABLE = YES;
				IPHONEOS_DEPLOYMENT_TARGET = 18.5;
				LOCALIZATION_PREFERS_STRING_CATALOGS = YES;
				MTL_ENABLE_DEBUG_INFO = INCLUDE_SOURCE;
				MTL_FAST_MATH = YES;
				ONLY_ACTIVE_ARCH = YES;
				SDKROOT = iphoneos;
				SWIFT_ACTIVE_COMPILATION_CONDITIONS = "DEBUG $(inherited)";
				SWIFT_OPTIMIZATION_LEVEL = "-Onone";
			};
			name = Debug;
		};
		21FDCCF52E3E0DEA006B025D /* Release */ = {
			isa = XCBuildConfiguration;
			buildSettings = {
				ALWAYS_SEARCH_USER_PATHS = NO;
				ASSETCATALOG_COMPILER_GENERATE_SWIFT_ASSET_SYMBOL_EXTENSIONS = YES;
				CLANG_ANALYZER_NONNULL = YES;
				CLANG_ANALYZER_NUMBER_OBJECT_CONVERSION = YES_AGGRESSIVE;
				CLANG_CXX_LANGUAGE_STANDARD = "gnu++20";
				CLANG_ENABLE_MODULES = YES;
				CLANG_ENABLE_OBJC_ARC = YES;
				CLANG_ENABLE_OBJC_WEAK = YES;
				CLANG_WARN_BLOCK_CAPTURE_AUTORELEASING = YES;
				CLANG_WARN_BOOL_CONVERSION = YES;
				CLANG_WARN_COMMA = YES;
				CLANG_WARN_CONSTANT_CONVERSION = YES;
				CLANG_WARN_DEPRECATED_OBJC_IMPLEMENTATIONS = YES;
				CLANG_WARN_DIRECT_OBJC_ISA_USAGE = YES_ERROR;
				CLANG_WARN_DOCUMENTATION_COMMENTS = YES;
				CLANG_WARN_EMPTY_BODY = YES;
				CLANG_WARN_ENUM_CONVERSION = YES;
				CLANG_WARN_INFINITE_RECURSION = YES;
				CLANG_WARN_INT_CONVERSION = YES;
				CLANG_WARN_NON_LITERAL_NULL_CONVERSION = YES;
				CLANG_WARN_OBJC_IMPLICIT_RETAIN_SELF = YES;
				CLANG_WARN_OBJC_LITERAL_CONVERSION = YES;
				CLANG_WARN_OBJC_ROOT_CLASS = YES_ERROR;
				CLANG_WARN_QUOTED_INCLUDE_IN_FRAMEWORK_HEADER = YES;
				CLANG_WARN_RANGE_LOOP_ANALYSIS = YES;
				CLANG_WARN_STRICT_PROTOTYPES = YES;
				CLANG_WARN_SUSPICIOUS_MOVE = YES;
				CLANG_WARN_UNGUARDED_AVAILABILITY = YES_AGGRESSIVE;
				CLANG_WARN_UNREACHABLE_CODE = YES;
				CLANG_WARN__DUPLICATE_METHOD_MATCH = YES;
				COPY_PHASE_STRIP = NO;
				DEBUG_INFORMATION_FORMAT = "dwarf-with-dsym";
				DEVELOPMENT_TEAM = F3G8YP79T4;
				ENABLE_NS_ASSERTIONS = NO;
				ENABLE_STRICT_OBJC_MSGSEND = YES;
				ENABLE_USER_SCRIPT_SANDBOXING = YES;
				GCC_C_LANGUAGE_STANDARD = gnu17;
				GCC_NO_COMMON_BLOCKS = YES;
				GCC_WARN_64_TO_32_BIT_CONVERSION = YES;
				GCC_WARN_ABOUT_RETURN_TYPE = YES_ERROR;
				GCC_WARN_UNDECLARED_SELECTOR = YES;
				GCC_WARN_UNINITIALIZED_AUTOS = YES_AGGRESSIVE;
				GCC_WARN_UNUSED_FUNCTION = YES;
				GCC_WARN_UNUSED_VARIABLE = YES;
				IPHONEOS_DEPLOYMENT_TARGET = 18.5;
				LOCALIZATION_PREFERS_STRING_CATALOGS = YES;
				MTL_ENABLE_DEBUG_INFO = NO;
				MTL_FAST_MATH = YES;
				SDKROOT = iphoneos;
				SWIFT_COMPILATION_MODE = wholemodule;
				VALIDATE_PRODUCT = YES;
			};
			name = Release;
		};
		21FDCCF72E3E0DEA006B025D /* Debug */ = {
			isa = XCBuildConfiguration;
			buildSettings = {
				BUNDLE_LOADER = "$(TEST_HOST)";
				CODE_SIGN_STYLE = Automatic;
				CURRENT_PROJECT_VERSION = 1;
				DEVELOPMENT_TEAM = F3G8YP79T4;
				GENERATE_INFOPLIST_FILE = YES;
				IPHONEOS_DEPLOYMENT_TARGET = 18.5;
				MARKETING_VERSION = 1.0;
				PRODUCT_BUNDLE_IDENTIFIER = com.obrettner.CraftIOSCodingChallengeTests;
				PRODUCT_NAME = "$(TARGET_NAME)";
				SWIFT_EMIT_LOC_STRINGS = NO;
				SWIFT_VERSION = 5.0;
				TARGETED_DEVICE_FAMILY = "1,2";
				TEST_HOST = "$(BUILT_PRODUCTS_DIR)/CraftIOSCodingChallenge.app/$(BUNDLE_EXECUTABLE_FOLDER_PATH)/CraftIOSCodingChallenge";
			};
			name = Debug;
		};
		21FDCCF82E3E0DEA006B025D /* Release */ = {
			isa = XCBuildConfiguration;
			buildSettings = {
				BUNDLE_LOADER = "$(TEST_HOST)";
				CODE_SIGN_STYLE = Automatic;
				CURRENT_PROJECT_VERSION = 1;
				DEVELOPMENT_TEAM = F3G8YP79T4;
				GENERATE_INFOPLIST_FILE = YES;
				IPHONEOS_DEPLOYMENT_TARGET = 18.5;
				MARKETING_VERSION = 1.0;
				PRODUCT_BUNDLE_IDENTIFIER = com.obrettner.CraftIOSCodingChallengeTests;
				PRODUCT_NAME = "$(TARGET_NAME)";
				SWIFT_EMIT_LOC_STRINGS = NO;
				SWIFT_VERSION = 5.0;
				TARGETED_DEVICE_FAMILY = "1,2";
				TEST_HOST = "$(BUILT_PRODUCTS_DIR)/CraftIOSCodingChallenge.app/$(BUNDLE_EXECUTABLE_FOLDER_PATH)/CraftIOSCodingChallenge";
			};
			name = Release;
		};
		21FDCCFA2E3E0DEA006B025D /* Debug */ = {
			isa = XCBuildConfiguration;
			buildSettings = {
				CODE_SIGN_STYLE = Automatic;
				CURRENT_PROJECT_VERSION = 1;
				DEVELOPMENT_TEAM = F3G8YP79T4;
				GENERATE_INFOPLIST_FILE = YES;
				MARKETING_VERSION = 1.0;
				PRODUCT_BUNDLE_IDENTIFIER = com.obrettner.CraftIOSCodingChallengeUITests;
				PRODUCT_NAME = "$(TARGET_NAME)";
				SWIFT_EMIT_LOC_STRINGS = NO;
				SWIFT_VERSION = 5.0;
				TARGETED_DEVICE_FAMILY = "1,2";
				TEST_TARGET_NAME = CraftIOSCodingChallenge;
			};
			name = Debug;
		};
		21FDCCFB2E3E0DEA006B025D /* Release */ = {
			isa = XCBuildConfiguration;
			buildSettings = {
				CODE_SIGN_STYLE = Automatic;
				CURRENT_PROJECT_VERSION = 1;
				DEVELOPMENT_TEAM = F3G8YP79T4;
				GENERATE_INFOPLIST_FILE = YES;
				MARKETING_VERSION = 1.0;
				PRODUCT_BUNDLE_IDENTIFIER = com.obrettner.CraftIOSCodingChallengeUITests;
				PRODUCT_NAME = "$(TARGET_NAME)";
				SWIFT_EMIT_LOC_STRINGS = NO;
				SWIFT_VERSION = 5.0;
				TARGETED_DEVICE_FAMILY = "1,2";
				TEST_TARGET_NAME = CraftIOSCodingChallenge;
			};
			name = Release;
		};
/* End XCBuildConfiguration section */

/* Begin XCConfigurationList section */
		21FDCCC32E3E0DE8006B025D /* Build configuration list for PBXProject "CraftIOSCodingChallenge" */ = {
			isa = XCConfigurationList;
			buildConfigurations = (
				21FDCCF42E3E0DEA006B025D /* Debug */,
				21FDCCF52E3E0DEA006B025D /* Release */,
			);
			defaultConfigurationIsVisible = 0;
			defaultConfigurationName = Release;
		};
		21FDCCF12E3E0DEA006B025D /* Build configuration list for PBXNativeTarget "CraftIOSCodingChallenge" */ = {
			isa = XCConfigurationList;
			buildConfigurations = (
				21FDCCF22E3E0DEA006B025D /* Debug */,
				21FDCCF32E3E0DEA006B025D /* Release */,
			);
			defaultConfigurationIsVisible = 0;
			defaultConfigurationName = Release;
		};
		21FDCCF62E3E0DEA006B025D /* Build configuration list for PBXNativeTarget "CraftIOSCodingChallengeTests" */ = {
			isa = XCConfigurationList;
			buildConfigurations = (
				21FDCCF72E3E0DEA006B025D /* Debug */,
				21FDCCF82E3E0DEA006B025D /* Release */,
			);
			defaultConfigurationIsVisible = 0;
			defaultConfigurationName = Release;
		};
		21FDCCF92E3E0DEA006B025D /* Build configuration list for PBXNativeTarget "CraftIOSCodingChallengeUITests" */ = {
			isa = XCConfigurationList;
			buildConfigurations = (
				21FDCCFA2E3E0DEA006B025D /* Debug */,
				21FDCCFB2E3E0DEA006B025D /* Release */,
			);
			defaultConfigurationIsVisible = 0;
			defaultConfigurationName = Release;
		};
/* End XCConfigurationList section */
	};
	rootObject = 21FDCCC02E3E0DE8006B025D /* Project object */;
}
